{
  "name": "workspace",
  "lockfileVersion": 3,
  "requires": true,
  "packages": {
    "": {
      "dependencies": {
        "nano": "^11.0.4"
      }
    },
    "node_modules/nano": {
      "version": "11.0.4",
      "resolved": "https://registry.npmjs.org/nano/-/nano-11.0.4.tgz",
      "integrity": "sha512-VbJ89lLD0QW7yIZ59luUhKJuwv4hNwC0NQ0UmeGOHE34TPGiaVd2bhiWRymIAS/1a/fDEBuaYURAI8HtRR+VAw==",
      "license": "Apache-2.0",
      "engines": {
        "node": ">=20.0"
      }
    }
  }
}
